
Microsoft Visual Studio Solution File, Format Version 12.00
# Visual Studio 2012
Project("{FAE04EC0-301F-11D3-BF4B-00C04F79EFBC}") = "Transitus", "Transitus\Transitus.csproj", "{6F4BE8C0-8755-463D-B4EC-23CDF900A058}"
EndProject
Global
	GlobalSection(SolutionConfigurationPlatforms) = preSolution
		Debug|Any CPU = Debug|Any CPU
		Release|Any CPU = Release|Any CPU
	EndGlobalSection
	GlobalSection(ProjectConfigurationPlatforms) = postSolution
		{6F4BE8C0-8755-463D-B4EC-23CDF900A058}.Debug|Any CPU.ActiveCfg = Debug|Any CPU
		{6F4BE8C0-8755-463D-B4EC-23CDF900A058}.Debug|Any CPU.Build.0 = Debug|Any CPU
		{6F4BE8C0-8755-463D-B4EC-23CDF900A058}.Release|Any CPU.ActiveCfg = Release|Any CPU
		{6F4BE8C0-8755-463D-B4EC-23CDF900A058}.Release|Any CPU.Build.0 = Release|Any CPU
	EndGlobalSection
	GlobalSection(SolutionProperties) = preSolution
		HideSolutionNode = FALSE
	EndGlobalSection
EndGlobal
